
Microsoft Visual Studio Solution File, Format Version 12.00
# Visual Studio Version 16
VisualStudioVersion = 16.0.31205.134
MinimumVisualStudioVersion = 10.0.40219.1
Project("{FAE04EC0-301F-11D3-BF4B-00C04F79EFBC}") = "EnvioEmailDemo", "EnvioEmailDemo\EnvioEmailDemo.csproj", "{ADA93BAA-8D2B-4C4F-B5B3-A16E5B0E0E51}"
EndProject
Global
	GlobalSection(SolutionConfigurationPlatforms) = preSolution
		Debug|Any CPU = Debug|Any CPU
		Release|Any CPU = Release|Any CPU
	EndGlobalSection
	GlobalSection(ProjectConfigurationPlatforms) = postSolution
		{ADA93BAA-8D2B-4C4F-B5B3-A16E5B0E0E51}.Debug|Any CPU.ActiveCfg = Debug|Any CPU
		{ADA93BAA-8D2B-4C4F-B5B3-A16E5B0E0E51}.Debug|Any CPU.Build.0 = Debug|Any CPU
		{ADA93BAA-8D2B-4C4F-B5B3-A16E5B0E0E51}.Release|Any CPU.ActiveCfg = Release|Any CPU
		{ADA93BAA-8D2B-4C4F-B5B3-A16E5B0E0E51}.Release|Any CPU.Build.0 = Release|Any CPU
	EndGlobalSection
	GlobalSection(SolutionProperties) = preSolution
		HideSolutionNode = FALSE
	EndGlobalSection
	GlobalSection(ExtensibilityGlobals) = postSolution
		SolutionGuid = {B90E5D45-842F-4623-88BF-125F42A19595}
	EndGlobalSection
EndGlobal
